
Microsoft Visual Studio Solution File, Format Version 12.00
# Visual Studio Version 17
VisualStudioVersion = 17.11.35208.52
MinimumVisualStudioVersion = 10.0.40219.1
Project("{9A19103F-16F7-4668-BE54-9A1E7A4F7556}") = "auth.api", "auth.api\auth.api.csproj", "{CD139081-13A0-492A-9E4B-73292C752CFE}"
EndProject
Project("{9A19103F-16F7-4668-BE54-9A1E7A4F7556}") = "auth.secretmanager", "auth.secretmanager\auth.secretmanager.csproj", "{258F23E0-24DC-4DD0-8F13-3A105D419842}"
EndProject
Project("{9A19103F-16F7-4668-BE54-9A1E7A4F7556}") = "auth.redis", "auth.redis\auth.redis.csproj", "{07AEECE5-EDB1-43FE-B7D0-E18A9D8021B5}"
EndProject
Project("{9A19103F-16F7-4668-BE54-9A1E7A4F7556}") = "auth.infraestructure", "auth.infraestructure\auth.infraestructure.csproj", "{E552BFF5-AA17-4CE4-B76D-DE9BC773B9B1}"
EndProject
Project("{9A19103F-16F7-4668-BE54-9A1E7A4F7556}") = "auth.data", "auth.data\auth.data.csproj", "{2E1ED1B8-2295-44B3-BD5B-B90013F44F02}"
EndProject
Project("{9A19103F-16F7-4668-BE54-9A1E7A4F7556}") = "auth.jwt", "auth.jwt\auth.jwt.csproj", "{4D76D001-1CDA-4BCA-8ECF-6E6807D0EDE2}"
EndProject
Project("{9A19103F-16F7-4668-BE54-9A1E7A4F7556}") = "auth.internalservices", "auth.internalservices\auth.internalservices.csproj", "{55504CB7-2816-4925-A59A-A4D78907255D}"
EndProject
Project("{9A19103F-16F7-4668-BE54-9A1E7A4F7556}") = "auth.common", "auth.common\auth.common.csproj", "{1976623A-168D-4CBD-846C-3054A3931A94}"
EndProject
Project("{9A19103F-16F7-4668-BE54-9A1E7A4F7556}") = "auth.entities", "auth.entities\auth.entities.csproj", "{6116E414-4E90-4879-827C-9139204C49F5}"
EndProject
Project("{9A19103F-16F7-4668-BE54-9A1E7A4F7556}") = "auth.dto", "auth.dto\auth.dto.csproj", "{296E0112-1419-4DBC-B706-7F5C1D9BAF2F}"
EndProject
Project("{9A19103F-16F7-4668-BE54-9A1E7A4F7556}") = "auth.request", "auth.request\auth.request.csproj", "{12DBF979-F33B-4613-80BD-57498E16D5FD}"
EndProject
Project("{9A19103F-16F7-4668-BE54-9A1E7A4F7556}") = "auth.requestvalidator", "auth.requestvalidator\auth.requestvalidator.csproj", "{5F09ED8F-DDFC-4BF4-A849-DF6C7048D37A}"
EndProject
Project("{9A19103F-16F7-4668-BE54-9A1E7A4F7556}") = "auth.handler", "auth.handler\auth.handler.csproj", "{243531F1-F608-4811-8ABA-7BB3ED981C0D}"
EndProject
Project("{2150E333-8FDC-42A3-9474-1A3956D46DE8}") = "1. Api", "1. Api", "{48F0E88A-AB11-406A-8E94-0E61D8AECC39}"
EndProject
Project("{2150E333-8FDC-42A3-9474-1A3956D46DE8}") = "2. Applications", "2. Applications", "{F9744C29-0445-4DDC-A4CF-D74F8233771B}"
EndProject
Project("{2150E333-8FDC-42A3-9474-1A3956D46DE8}") = "3. Domain", "3. Domain", "{A3E03274-54F8-4F78-897E-D879A2ACBB3B}"
EndProject
Project("{2150E333-8FDC-42A3-9474-1A3956D46DE8}") = "4. Common", "4. Common", "{37189B59-E652-4BB9-AA49-70111F1D73F5}"
EndProject
Project("{2150E333-8FDC-42A3-9474-1A3956D46DE8}") = "5. Infraestructure", "5. Infraestructure", "{E6A74C72-05EE-4418-94FC-849ABFAB924D}"
EndProject
Project("{9A19103F-16F7-4668-BE54-9A1E7A4F7556}") = "auth.application", "auth.application\auth.application.csproj", "{CA4B4377-1A11-48DE-BFEF-68CD5CB70C5E}"
EndProject
Project("{2150E333-8FDC-42A3-9474-1A3956D46DE8}") = "6. Test", "6. Test", "{E2E2C7C1-4F63-4B9F-BA44-982C060B9E70}"
EndProject
Project("{FAE04EC0-301F-11D3-BF4B-00C04F79EFBC}") = "auth.test", "auth.test\auth.test.csproj", "{37B4F6AF-40EA-4C57-A90F-043210D957CE}"
EndProject
Global
	GlobalSection(SolutionConfigurationPlatforms) = preSolution
		Debug|Any CPU = Debug|Any CPU
		Release|Any CPU = Release|Any CPU
	EndGlobalSection
	GlobalSection(ProjectConfigurationPlatforms) = postSolution
		{CD139081-13A0-492A-9E4B-73292C752CFE}.Debug|Any CPU.ActiveCfg = Debug|Any CPU
		{CD139081-13A0-492A-9E4B-73292C752CFE}.Debug|Any CPU.Build.0 = Debug|Any CPU
		{CD139081-13A0-492A-9E4B-73292C752CFE}.Release|Any CPU.ActiveCfg = Release|Any CPU
		{CD139081-13A0-492A-9E4B-73292C752CFE}.Release|Any CPU.Build.0 = Release|Any CPU
		{258F23E0-24DC-4DD0-8F13-3A105D419842}.Debug|Any CPU.ActiveCfg = Debug|Any CPU
		{258F23E0-24DC-4DD0-8F13-3A105D419842}.Debug|Any CPU.Build.0 = Debug|Any CPU
		{258F23E0-24DC-4DD0-8F13-3A105D419842}.Release|Any CPU.ActiveCfg = Release|Any CPU
		{258F23E0-24DC-4DD0-8F13-3A105D419842}.Release|Any CPU.Build.0 = Release|Any CPU
		{07AEECE5-EDB1-43FE-B7D0-E18A9D8021B5}.Debug|Any CPU.ActiveCfg = Debug|Any CPU
		{07AEECE5-EDB1-43FE-B7D0-E18A9D8021B5}.Debug|Any CPU.Build.0 = Debug|Any CPU
		{07AEECE5-EDB1-43FE-B7D0-E18A9D8021B5}.Release|Any CPU.ActiveCfg = Release|Any CPU
		{07AEECE5-EDB1-43FE-B7D0-E18A9D8021B5}.Release|Any CPU.Build.0 = Release|Any CPU
		{E552BFF5-AA17-4CE4-B76D-DE9BC773B9B1}.Debug|Any CPU.ActiveCfg = Debug|Any CPU
		{E552BFF5-AA17-4CE4-B76D-DE9BC773B9B1}.Debug|Any CPU.Build.0 = Debug|Any CPU
		{E552BFF5-AA17-4CE4-B76D-DE9BC773B9B1}.Release|Any CPU.ActiveCfg = Release|Any CPU
		{E552BFF5-AA17-4CE4-B76D-DE9BC773B9B1}.Release|Any CPU.Build.0 = Release|Any CPU
		{2E1ED1B8-2295-44B3-BD5B-B90013F44F02}.Debug|Any CPU.ActiveCfg = Debug|Any CPU
		{2E1ED1B8-2295-44B3-BD5B-B90013F44F02}.Debug|Any CPU.Build.0 = Debug|Any CPU
		{2E1ED1B8-2295-44B3-BD5B-B90013F44F02}.Release|Any CPU.ActiveCfg = Release|Any CPU
		{2E1ED1B8-2295-44B3-BD5B-B90013F44F02}.Release|Any CPU.Build.0 = Release|Any CPU
		{4D76D001-1CDA-4BCA-8ECF-6E6807D0EDE2}.Debug|Any CPU.ActiveCfg = Debug|Any CPU
		{4D76D001-1CDA-4BCA-8ECF-6E6807D0EDE2}.Debug|Any CPU.Build.0 = Debug|Any CPU
		{4D76D001-1CDA-4BCA-8ECF-6E6807D0EDE2}.Release|Any CPU.ActiveCfg = Release|Any CPU
		{4D76D001-1CDA-4BCA-8ECF-6E6807D0EDE2}.Release|Any CPU.Build.0 = Release|Any CPU
		{55504CB7-2816-4925-A59A-A4D78907255D}.Debug|Any CPU.ActiveCfg = Debug|Any CPU
		{55504CB7-2816-4925-A59A-A4D78907255D}.Debug|Any CPU.Build.0 = Debug|Any CPU
		{55504CB7-2816-4925-A59A-A4D78907255D}.Release|Any CPU.ActiveCfg = Release|Any CPU
		{55504CB7-2816-4925-A59A-A4D78907255D}.Release|Any CPU.Build.0 = Release|Any CPU
		{1976623A-168D-4CBD-846C-3054A3931A94}.Debug|Any CPU.ActiveCfg = Debug|Any CPU
		{1976623A-168D-4CBD-846C-3054A3931A94}.Debug|Any CPU.Build.0 = Debug|Any CPU
		{1976623A-168D-4CBD-846C-3054A3931A94}.Release|Any CPU.ActiveCfg = Release|Any CPU
		{1976623A-168D-4CBD-846C-3054A3931A94}.Release|Any CPU.Build.0 = Release|Any CPU
		{6116E414-4E90-4879-827C-9139204C49F5}.Debug|Any CPU.ActiveCfg = Debug|Any CPU
		{6116E414-4E90-4879-827C-9139204C49F5}.Debug|Any CPU.Build.0 = Debug|Any CPU
		{6116E414-4E90-4879-827C-9139204C49F5}.Release|Any CPU.ActiveCfg = Release|Any CPU
		{6116E414-4E90-4879-827C-9139204C49F5}.Release|Any CPU.Build.0 = Release|Any CPU
		{296E0112-1419-4DBC-B706-7F5C1D9BAF2F}.Debug|Any CPU.ActiveCfg = Debug|Any CPU
		{296E0112-1419-4DBC-B706-7F5C1D9BAF2F}.Debug|Any CPU.Build.0 = Debug|Any CPU
		{296E0112-1419-4DBC-B706-7F5C1D9BAF2F}.Release|Any CPU.ActiveCfg = Release|Any CPU
		{296E0112-1419-4DBC-B706-7F5C1D9BAF2F}.Release|Any CPU.Build.0 = Release|Any CPU
		{12DBF979-F33B-4613-80BD-57498E16D5FD}.Debug|Any CPU.ActiveCfg = Debug|Any CPU
		{12DBF979-F33B-4613-80BD-57498E16D5FD}.Debug|Any CPU.Build.0 = Debug|Any CPU
		{12DBF979-F33B-4613-80BD-57498E16D5FD}.Release|Any CPU.ActiveCfg = Release|Any CPU
		{12DBF979-F33B-4613-80BD-57498E16D5FD}.Release|Any CPU.Build.0 = Release|Any CPU
		{5F09ED8F-DDFC-4BF4-A849-DF6C7048D37A}.Debug|Any CPU.ActiveCfg = Debug|Any CPU
		{5F09ED8F-DDFC-4BF4-A849-DF6C7048D37A}.Debug|Any CPU.Build.0 = Debug|Any CPU
		{5F09ED8F-DDFC-4BF4-A849-DF6C7048D37A}.Release|Any CPU.ActiveCfg = Release|Any CPU
		{5F09ED8F-DDFC-4BF4-A849-DF6C7048D37A}.Release|Any CPU.Build.0 = Release|Any CPU
		{243531F1-F608-4811-8ABA-7BB3ED981C0D}.Debug|Any CPU.ActiveCfg = Debug|Any CPU
		{243531F1-F608-4811-8ABA-7BB3ED981C0D}.Debug|Any CPU.Build.0 = Debug|Any CPU
		{243531F1-F608-4811-8ABA-7BB3ED981C0D}.Release|Any CPU.ActiveCfg = Release|Any CPU
		{243531F1-F608-4811-8ABA-7BB3ED981C0D}.Release|Any CPU.Build.0 = Release|Any CPU
		{CA4B4377-1A11-48DE-BFEF-68CD5CB70C5E}.Debug|Any CPU.ActiveCfg = Debug|Any CPU
		{CA4B4377-1A11-48DE-BFEF-68CD5CB70C5E}.Debug|Any CPU.Build.0 = Debug|Any CPU
		{CA4B4377-1A11-48DE-BFEF-68CD5CB70C5E}.Release|Any CPU.ActiveCfg = Release|Any CPU
		{CA4B4377-1A11-48DE-BFEF-68CD5CB70C5E}.Release|Any CPU.Build.0 = Release|Any CPU
		{37B4F6AF-40EA-4C57-A90F-043210D957CE}.Debug|Any CPU.ActiveCfg = Debug|Any CPU
		{37B4F6AF-40EA-4C57-A90F-043210D957CE}.Debug|Any CPU.Build.0 = Debug|Any CPU
		{37B4F6AF-40EA-4C57-A90F-043210D957CE}.Release|Any CPU.ActiveCfg = Release|Any CPU
		{37B4F6AF-40EA-4C57-A90F-043210D957CE}.Release|Any CPU.Build.0 = Release|Any CPU
	EndGlobalSection
	GlobalSection(SolutionProperties) = preSolution
		HideSolutionNode = FALSE
	EndGlobalSection
	GlobalSection(NestedProjects) = preSolution
		{CD139081-13A0-492A-9E4B-73292C752CFE} = {48F0E88A-AB11-406A-8E94-0E61D8AECC39}
		{258F23E0-24DC-4DD0-8F13-3A105D419842} = {37189B59-E652-4BB9-AA49-70111F1D73F5}
		{07AEECE5-EDB1-43FE-B7D0-E18A9D8021B5} = {37189B59-E652-4BB9-AA49-70111F1D73F5}
		{E552BFF5-AA17-4CE4-B76D-DE9BC773B9B1} = {E6A74C72-05EE-4418-94FC-849ABFAB924D}
		{2E1ED1B8-2295-44B3-BD5B-B90013F44F02} = {E6A74C72-05EE-4418-94FC-849ABFAB924D}
		{4D76D001-1CDA-4BCA-8ECF-6E6807D0EDE2} = {37189B59-E652-4BB9-AA49-70111F1D73F5}
		{55504CB7-2816-4925-A59A-A4D78907255D} = {37189B59-E652-4BB9-AA49-70111F1D73F5}
		{1976623A-168D-4CBD-846C-3054A3931A94} = {37189B59-E652-4BB9-AA49-70111F1D73F5}
		{6116E414-4E90-4879-827C-9139204C49F5} = {A3E03274-54F8-4F78-897E-D879A2ACBB3B}
		{296E0112-1419-4DBC-B706-7F5C1D9BAF2F} = {F9744C29-0445-4DDC-A4CF-D74F8233771B}
		{12DBF979-F33B-4613-80BD-57498E16D5FD} = {F9744C29-0445-4DDC-A4CF-D74F8233771B}
		{5F09ED8F-DDFC-4BF4-A849-DF6C7048D37A} = {F9744C29-0445-4DDC-A4CF-D74F8233771B}
		{243531F1-F608-4811-8ABA-7BB3ED981C0D} = {F9744C29-0445-4DDC-A4CF-D74F8233771B}
		{CA4B4377-1A11-48DE-BFEF-68CD5CB70C5E} = {F9744C29-0445-4DDC-A4CF-D74F8233771B}
		{37B4F6AF-40EA-4C57-A90F-043210D957CE} = {E2E2C7C1-4F63-4B9F-BA44-982C060B9E70}
	EndGlobalSection
	GlobalSection(ExtensibilityGlobals) = postSolution
		SolutionGuid = {B830020C-8014-489C-9E99-FFE0FE6F28F6}
	EndGlobalSection
EndGlobal
